
Microsoft Visual Studio Solution File, Format Version 12.00
# Visual Studio Version 16
VisualStudioVersion = 16.0.31829.152
MinimumVisualStudioVersion = 10.0.40219.1
Project("{FAE04EC0-301F-11D3-BF4B-00C04F79EFBC}") = "ProOdezhda", "ProOdezhda\ProOdezhda.csproj", "{DD20B3D5-3680-4500-BD9B-EAB310E5C770}"
EndProject
Project("{FAE04EC0-301F-11D3-BF4B-00C04F79EFBC}") = "ProOdezhdaTest", "ProOdezhdaTest\ProOdezhdaTest.csproj", "{B4C278C1-E22A-4B64-B57E-AACCC3CE4868}"
EndProject
Global
	GlobalSection(SolutionConfigurationPlatforms) = preSolution
		Debug|Any CPU = Debug|Any CPU
		Release|Any CPU = Release|Any CPU
	EndGlobalSection
	GlobalSection(ProjectConfigurationPlatforms) = postSolution
		{DD20B3D5-3680-4500-BD9B-EAB310E5C770}.Debug|Any CPU.ActiveCfg = Debug|Any CPU
		{DD20B3D5-3680-4500-BD9B-EAB310E5C770}.Debug|Any CPU.Build.0 = Debug|Any CPU
		{DD20B3D5-3680-4500-BD9B-EAB310E5C770}.Release|Any CPU.ActiveCfg = Release|Any CPU
		{DD20B3D5-3680-4500-BD9B-EAB310E5C770}.Release|Any CPU.Build.0 = Release|Any CPU
		{B4C278C1-E22A-4B64-B57E-AACCC3CE4868}.Debug|Any CPU.ActiveCfg = Debug|Any CPU
		{B4C278C1-E22A-4B64-B57E-AACCC3CE4868}.Debug|Any CPU.Build.0 = Debug|Any CPU
		{B4C278C1-E22A-4B64-B57E-AACCC3CE4868}.Release|Any CPU.ActiveCfg = Release|Any CPU
		{B4C278C1-E22A-4B64-B57E-AACCC3CE4868}.Release|Any CPU.Build.0 = Release|Any CPU
	EndGlobalSection
	GlobalSection(SolutionProperties) = preSolution
		HideSolutionNode = FALSE
	EndGlobalSection
	GlobalSection(ExtensibilityGlobals) = postSolution
		SolutionGuid = {D6ECF57E-7385-4BA8-8863-C561A0EFFCA2}
	EndGlobalSection
EndGlobal
